// !$*UTF8*$!
{
	archiveVersion = 1;
	classes = {
	};
	objectVersion = 46;
	objects = {

/* Begin PBXBuildFile section */
		1147184D1AC317C8004740A4 /* icon_library.png in Resources */ = {isa = PBXBuildFile; fileRef = 1147184A1AC317C8004740A4 /* icon_library.png */; };
		1147184E1AC317C8004740A4 /* icon_play.png in Resources */ = {isa = PBXBuildFile; fileRef = 1147184B1AC317C8004740A4 /* icon_play.png */; };
		1147184F1AC317C8004740A4 /* icon_settings.png in Resources */ = {isa = PBXBuildFile; fileRef = 1147184C1AC317C8004740A4 /* icon_settings.png */; };
		114718511AC317CF004740A4 /* grey_line.png in Resources */ = {isa = PBXBuildFile; fileRef = 114718501AC317CF004740A4 /* grey_line.png */; };
		114C8B9B1ACC335100668FF6 /* ctrl_arrow_left.png in Resources */ = {isa = PBXBuildFile; fileRef = 114C8B9A1ACC335100668FF6 /* ctrl_arrow_left.png */; };
		11530E0C1ACC3A4D00ED8638 /* ctrl_pause.png in Resources */ = {isa = PBXBuildFile; fileRef = 11530E091ACC3A4D00ED8638 /* ctrl_pause.png */; };
		11530E0D1ACC3A4D00ED8638 /* ctrl_play.png in Resources */ = {isa = PBXBuildFile; fileRef = 11530E0A1ACC3A4D00ED8638 /* ctrl_play.png */; };
		11530E0E1ACC3A4D00ED8638 /* ctrl_stop.png in Resources */ = {isa = PBXBuildFile; fileRef = 11530E0B1ACC3A4D00ED8638 /* ctrl_stop.png */; };
		1169D8801AC92397002F19A4 /* default_episode_image_nobkg.png in Resources */ = {isa = PBXBuildFile; fileRef = 1169D87F1AC92397002F19A4 /* default_episode_image_nobkg.png */; };
		1169D8821AC92405002F19A4 /* default_episode_image.png in Resources */ = {isa = PBXBuildFile; fileRef = 1169D8811AC92405002F19A4 /* default_episode_image.png */; };
		11BD2EBD1AAE0BC500E415C8 /* AppDelegate.swift in Sources */ = {isa = PBXBuildFile; fileRef = 11BD2EBC1AAE0BC500E415C8 /* AppDelegate.swift */; };
		11BD2EC61AAE0BC500E415C8 /* Images.xcassets in Resources */ = {isa = PBXBuildFile; fileRef = 11BD2EC51AAE0BC500E415C8 /* Images.xcassets */; };
		11BD2EC91AAE0BC500E415C8 /* LaunchScreen.xib in Resources */ = {isa = PBXBuildFile; fileRef = 11BD2EC71AAE0BC500E415C8 /* LaunchScreen.xib */; };
		11BD2ED51AAE0BC500E415C8 /* MindcastTests.swift in Sources */ = {isa = PBXBuildFile; fileRef = 11BD2ED41AAE0BC500E415C8 /* MindcastTests.swift */; };
		11BD2EDF1AAE0CB800E415C8 /* SettingsViewController.swift in Sources */ = {isa = PBXBuildFile; fileRef = 11BD2EDE1AAE0CB800E415C8 /* SettingsViewController.swift */; };
		11BD2EE11AAE0CC000E415C8 /* PlayViewController.swift in Sources */ = {isa = PBXBuildFile; fileRef = 11BD2EE01AAE0CC000E415C8 /* PlayViewController.swift */; };
		11BD2EE41AAE0CE700E415C8 /* AssetCatalog.swift in Sources */ = {isa = PBXBuildFile; fileRef = 11BD2EE21AAE0CE700E415C8 /* AssetCatalog.swift */; };
		11BD2EE51AAE0CE700E415C8 /* AssetBundle.swift in Sources */ = {isa = PBXBuildFile; fileRef = 11BD2EE31AAE0CE700E415C8 /* AssetBundle.swift */; };
		11BD2EFC1AAE0EDB00E415C8 /* MindcastMain.storyboard in Resources */ = {isa = PBXBuildFile; fileRef = 11BD2EFA1AAE0EDB00E415C8 /* MindcastMain.storyboard */; };
		11BFF7281AC2D5AB00366B6E /* DetailsViewController.swift in Sources */ = {isa = PBXBuildFile; fileRef = 11BFF7271AC2D5AB00366B6E /* DetailsViewController.swift */; };
		11D2BCEE1AC09A4000D2906E /* E000_background.mp3 in Resources */ = {isa = PBXBuildFile; fileRef = 11D2BCEA1AC09A4000D2906E /* E000_background.mp3 */; };
		11D2BCEF1AC09A4000D2906E /* E000_intro.mp3 in Resources */ = {isa = PBXBuildFile; fileRef = 11D2BCEB1AC09A4000D2906E /* E000_intro.mp3 */; };
		11D2BCF01AC09A4000D2906E /* E000_main.mp3 in Resources */ = {isa = PBXBuildFile; fileRef = 11D2BCEC1AC09A4000D2906E /* E000_main.mp3 */; };
		11D2BCF11AC09A4000D2906E /* E000_wakeup.mp3 in Resources */ = {isa = PBXBuildFile; fileRef = 11D2BCED1AC09A4000D2906E /* E000_wakeup.mp3 */; };
/* End PBXBuildFile section */

/* Begin PBXContainerItemProxy section */
		11BD2ECF1AAE0BC500E415C8 /* PBXContainerItemProxy */ = {
			isa = PBXContainerItemProxy;
			containerPortal = 11BD2EAF1AAE0BC500E415C8 /* Project object */;
			proxyType = 1;
			remoteGlobalIDString = 11BD2EB61AAE0BC500E415C8;
			remoteInfo = Mindcast;
		};
/* End PBXContainerItemProxy section */

/* Begin PBXFileReference section */
		1147184A1AC317C8004740A4 /* icon_library.png */ = {isa = PBXFileReference; lastKnownFileType = image.png; path = icon_library.png; sourceTree = "<group>"; };
		1147184B1AC317C8004740A4 /* icon_play.png */ = {isa = PBXFileReference; lastKnownFileType = image.png; path = icon_play.png; sourceTree = "<group>"; };
		1147184C1AC317C8004740A4 /* icon_settings.png */ = {isa = PBXFileReference; lastKnownFileType = image.png; path = icon_settings.png; sourceTree = "<group>"; };
		114718501AC317CF004740A4 /* grey_line.png */ = {isa = PBXFileReference; lastKnownFileType = image.png; path = grey_line.png; sourceTree = "<group>"; };
		114C8B9A1ACC335100668FF6 /* ctrl_arrow_left.png */ = {isa = PBXFileReference; lastKnownFileType = image.png; name = ctrl_arrow_left.png; path = Assets/ctrl_arrow_left.png; sourceTree = SOURCE_ROOT; };
		11530E091ACC3A4D00ED8638 /* ctrl_pause.png */ = {isa = PBXFileReference; lastKnownFileType = image.png; name = ctrl_pause.png; path = Assets/ctrl_pause.png; sourceTree = SOURCE_ROOT; };
		11530E0A1ACC3A4D00ED8638 /* ctrl_play.png */ = {isa = PBXFileReference; lastKnownFileType = image.png; name = ctrl_play.png; path = Assets/ctrl_play.png; sourceTree = SOURCE_ROOT; };
		11530E0B1ACC3A4D00ED8638 /* ctrl_stop.png */ = {isa = PBXFileReference; lastKnownFileType = image.png; name = ctrl_stop.png; path = Assets/ctrl_stop.png; sourceTree = SOURCE_ROOT; };
		1169D87F1AC92397002F19A4 /* default_episode_image_nobkg.png */ = {isa = PBXFileReference; lastKnownFileType = image.png; name = default_episode_image_nobkg.png; path = Assets/default_episode_image_nobkg.png; sourceTree = SOURCE_ROOT; };
		1169D8811AC92405002F19A4 /* default_episode_image.png */ = {isa = PBXFileReference; lastKnownFileType = image.png; name = default_episode_image.png; path = ../../../../../../Jottacloud/01_projects/02_mindcast/ui_exports/default_episode_image.png; sourceTree = "<group>"; };
		11BD2EB71AAE0BC500E415C8 /* Mindcast.app */ = {isa = PBXFileReference; explicitFileType = wrapper.application; includeInIndex = 0; path = Mindcast.app; sourceTree = BUILT_PRODUCTS_DIR; };
		11BD2EBB1AAE0BC500E415C8 /* Info.plist */ = {isa = PBXFileReference; lastKnownFileType = text.plist.xml; path = Info.plist; sourceTree = "<group>"; };
		11BD2EBC1AAE0BC500E415C8 /* AppDelegate.swift */ = {isa = PBXFileReference; lastKnownFileType = sourcecode.swift; path = AppDelegate.swift; sourceTree = "<group>"; };
		11BD2EC51AAE0BC500E415C8 /* Images.xcassets */ = {isa = PBXFileReference; lastKnownFileType = folder.assetcatalog; path = Images.xcassets; sourceTree = "<group>"; };
		11BD2EC81AAE0BC500E415C8 /* Base */ = {isa = PBXFileReference; lastKnownFileType = file.xib; name = Base; path = Base.lproj/LaunchScreen.xib; sourceTree = "<group>"; };
		11BD2ECE1AAE0BC500E415C8 /* MindcastTests.xctest */ = {isa = PBXFileReference; explicitFileType = wrapper.cfbundle; includeInIndex = 0; path = MindcastTests.xctest; sourceTree = BUILT_PRODUCTS_DIR; };
		11BD2ED31AAE0BC500E415C8 /* Info.plist */ = {isa = PBXFileReference; lastKnownFileType = text.plist.xml; path = Info.plist; sourceTree = "<group>"; };
		11BD2ED41AAE0BC500E415C8 /* MindcastTests.swift */ = {isa = PBXFileReference; lastKnownFileType = sourcecode.swift; path = MindcastTests.swift; sourceTree = "<group>"; };
		11BD2EDE1AAE0CB800E415C8 /* SettingsViewController.swift */ = {isa = PBXFileReference; fileEncoding = 4; lastKnownFileType = sourcecode.swift; path = SettingsViewController.swift; sourceTree = "<group>"; };
		11BD2EE01AAE0CC000E415C8 /* PlayViewController.swift */ = {isa = PBXFileReference; fileEncoding = 4; lastKnownFileType = sourcecode.swift; path = PlayViewController.swift; sourceTree = "<group>"; };
		11BD2EE21AAE0CE700E415C8 /* AssetCatalog.swift */ = {isa = PBXFileReference; fileEncoding = 4; lastKnownFileType = sourcecode.swift; path = AssetCatalog.swift; sourceTree = "<group>"; };
		11BD2EE31AAE0CE700E415C8 /* AssetBundle.swift */ = {isa = PBXFileReference; fileEncoding = 4; lastKnownFileType = sourcecode.swift; path = AssetBundle.swift; sourceTree = "<group>"; };
		11BD2EFB1AAE0EDB00E415C8 /* Base */ = {isa = PBXFileReference; lastKnownFileType = file.storyboard; name = Base; path = Base.lproj/MindcastMain.storyboard; sourceTree = "<group>"; };
		11BFF7271AC2D5AB00366B6E /* DetailsViewController.swift */ = {isa = PBXFileReference; fileEncoding = 4; lastKnownFileType = sourcecode.swift; path = DetailsViewController.swift; sourceTree = "<group>"; };
		11D2BCEA1AC09A4000D2906E /* E000_background.mp3 */ = {isa = PBXFileReference; lastKnownFileType = audio.mp3; name = E000_background.mp3; path = ../../../../../../Jottacloud/01_projects/02_Mindcast/sounds/E000_background.mp3; sourceTree = "<group>"; };
		11D2BCEB1AC09A4000D2906E /* E000_intro.mp3 */ = {isa = PBXFileReference; lastKnownFileType = audio.mp3; name = E000_intro.mp3; path = ../../../../../../Jottacloud/01_projects/02_Mindcast/sounds/E000_intro.mp3; sourceTree = "<group>"; };
		11D2BCEC1AC09A4000D2906E /* E000_main.mp3 */ = {isa = PBXFileReference; lastKnownFileType = audio.mp3; name = E000_main.mp3; path = ../../../../../../Jottacloud/01_projects/02_Mindcast/sounds/E000_main.mp3; sourceTree = "<group>"; };
		11D2BCED1AC09A4000D2906E /* E000_wakeup.mp3 */ = {isa = PBXFileReference; lastKnownFileType = audio.mp3; name = E000_wakeup.mp3; path = ../../../../../../Jottacloud/01_projects/02_Mindcast/sounds/E000_wakeup.mp3; sourceTree = "<group>"; };
/* End PBXFileReference section */

/* Begin PBXFrameworksBuildPhase section */
		11BD2EB41AAE0BC500E415C8 /* Frameworks */ = {
			isa = PBXFrameworksBuildPhase;
			buildActionMask = 2147483647;
			files = (
			);
			runOnlyForDeploymentPostprocessing = 0;
		};
		11BD2ECB1AAE0BC500E415C8 /* Frameworks */ = {
			isa = PBXFrameworksBuildPhase;
			buildActionMask = 2147483647;
			files = (
			);
			runOnlyForDeploymentPostprocessing = 0;
		};
/* End PBXFrameworksBuildPhase section */

/* Begin PBXGroup section */
		114718561AC31810004740A4 /* Audio */ = {
			isa = PBXGroup;
			children = (
				11D2BCEA1AC09A4000D2906E /* E000_background.mp3 */,
				11D2BCEB1AC09A4000D2906E /* E000_intro.mp3 */,
				11D2BCEC1AC09A4000D2906E /* E000_main.mp3 */,
				11D2BCED1AC09A4000D2906E /* E000_wakeup.mp3 */,
			);
			name = Audio;
			sourceTree = "<group>";
		};
		11BD2EAE1AAE0BC500E415C8 = {
			isa = PBXGroup;
			children = (
				11BD2EB91AAE0BC500E415C8 /* Mindcast */,
				11BD2ED11AAE0BC500E415C8 /* MindcastTests */,
				11BD2EB81AAE0BC500E415C8 /* Products */,
			);
			sourceTree = "<group>";
		};
		11BD2EB81AAE0BC500E415C8 /* Products */ = {
			isa = PBXGroup;
			children = (
				11BD2EB71AAE0BC500E415C8 /* Mindcast.app */,
				11BD2ECE1AAE0BC500E415C8 /* MindcastTests.xctest */,
			);
			name = Products;
			sourceTree = "<group>";
		};
		11BD2EB91AAE0BC500E415C8 /* Mindcast */ = {
			isa = PBXGroup;
			children = (
				11BD2EE61AAE0D2700E415C8 /* Assets */,
				11BD2EE21AAE0CE700E415C8 /* AssetCatalog.swift */,
				11BD2EE31AAE0CE700E415C8 /* AssetBundle.swift */,
				11BD2EE01AAE0CC000E415C8 /* PlayViewController.swift */,
				11BFF7271AC2D5AB00366B6E /* DetailsViewController.swift */,
				11BD2EDE1AAE0CB800E415C8 /* SettingsViewController.swift */,
				11BD2EBC1AAE0BC500E415C8 /* AppDelegate.swift */,
				11BD2EC51AAE0BC500E415C8 /* Images.xcassets */,
				11BD2EC71AAE0BC500E415C8 /* LaunchScreen.xib */,
				11BD2EBA1AAE0BC500E415C8 /* Supporting Files */,
				11BD2EFA1AAE0EDB00E415C8 /* MindcastMain.storyboard */,
			);
			path = Mindcast;
			sourceTree = "<group>";
		};
		11BD2EBA1AAE0BC500E415C8 /* Supporting Files */ = {
			isa = PBXGroup;
			children = (
				11BD2EBB1AAE0BC500E415C8 /* Info.plist */,
			);
			name = "Supporting Files";
			sourceTree = "<group>";
		};
		11BD2ED11AAE0BC500E415C8 /* MindcastTests */ = {
			isa = PBXGroup;
			children = (
				11BD2ED41AAE0BC500E415C8 /* MindcastTests.swift */,
				11BD2ED21AAE0BC500E415C8 /* Supporting Files */,
			);
			path = MindcastTests;
			sourceTree = "<group>";
		};
		11BD2ED21AAE0BC500E415C8 /* Supporting Files */ = {
			isa = PBXGroup;
			children = (
				11BD2ED31AAE0BC500E415C8 /* Info.plist */,
			);
			name = "Supporting Files";
			sourceTree = "<group>";
		};
		11BD2EE61AAE0D2700E415C8 /* Assets */ = {
			isa = PBXGroup;
			children = (
				114718561AC31810004740A4 /* Audio */,
				11BD2EE71AAE0D6200E415C8 /* Images */,
			);
			name = Assets;
			sourceTree = "<group>";
		};
		11BD2EE71AAE0D6200E415C8 /* Images */ = {
			isa = PBXGroup;
			children = (
				114C8B9A1ACC335100668FF6 /* ctrl_arrow_left.png */,
				11530E091ACC3A4D00ED8638 /* ctrl_pause.png */,
				11530E0A1ACC3A4D00ED8638 /* ctrl_play.png */,
				11530E0B1ACC3A4D00ED8638 /* ctrl_stop.png */,
				1169D87F1AC92397002F19A4 /* default_episode_image_nobkg.png */,
				1169D8811AC92405002F19A4 /* default_episode_image.png */,
				114718501AC317CF004740A4 /* grey_line.png */,
				1147184A1AC317C8004740A4 /* icon_library.png */,
				1147184B1AC317C8004740A4 /* icon_play.png */,
				1147184C1AC317C8004740A4 /* icon_settings.png */,
			);
			name = Images;
			sourceTree = "<group>";
		};
/* End PBXGroup section */

/* Begin PBXNativeTarget section */
		11BD2EB61AAE0BC500E415C8 /* Mindcast */ = {
			isa = PBXNativeTarget;
			buildConfigurationList = 11BD2ED81AAE0BC500E415C8 /* Build configuration list for PBXNativeTarget "Mindcast" */;
			buildPhases = (
				11BD2EB31AAE0BC500E415C8 /* Sources */,
				11BD2EB41AAE0BC500E415C8 /* Frameworks */,
				11BD2EB51AAE0BC500E415C8 /* Resources */,
			);
			buildRules = (
			);
			dependencies = (
			);
			name = Mindcast;
			productName = Mindcast;
			productReference = 11BD2EB71AAE0BC500E415C8 /* Mindcast.app */;
			productType = "com.apple.product-type.application";
		};
		11BD2ECD1AAE0BC500E415C8 /* MindcastTests */ = {
			isa = PBXNativeTarget;
			buildConfigurationList = 11BD2EDB1AAE0BC500E415C8 /* Build configuration list for PBXNativeTarget "MindcastTests" */;
			buildPhases = (
				11BD2ECA1AAE0BC500E415C8 /* Sources */,
				11BD2ECB1AAE0BC500E415C8 /* Frameworks */,
				11BD2ECC1AAE0BC500E415C8 /* Resources */,
			);
			buildRules = (
			);
			dependencies = (
				11BD2ED01AAE0BC500E415C8 /* PBXTargetDependency */,
			);
			name = MindcastTests;
			productName = MindcastTests;
			productReference = 11BD2ECE1AAE0BC500E415C8 /* MindcastTests.xctest */;
			productType = "com.apple.product-type.bundle.unit-test";
		};
/* End PBXNativeTarget section */

/* Begin PBXProject section */
		11BD2EAF1AAE0BC500E415C8 /* Project object */ = {
			isa = PBXProject;
			attributes = {
				LastUpgradeCheck = 0610;
				ORGANIZATIONNAME = ratchet.cc;
				TargetAttributes = {
					11BD2EB61AAE0BC500E415C8 = {
						CreatedOnToolsVersion = 6.1.1;
						DevelopmentTeam = ZXBT4BUWBD;
					};
					11BD2ECD1AAE0BC500E415C8 = {
						CreatedOnToolsVersion = 6.1.1;
						TestTargetID = 11BD2EB61AAE0BC500E415C8;
					};
				};
			};
			buildConfigurationList = 11BD2EB21AAE0BC500E415C8 /* Build configuration list for PBXProject "Mindcast" */;
			compatibilityVersion = "Xcode 3.2";
			developmentRegion = English;
			hasScannedForEncodings = 0;
			knownRegions = (
				en,
				Base,
			);
			mainGroup = 11BD2EAE1AAE0BC500E415C8;
			productRefGroup = 11BD2EB81AAE0BC500E415C8 /* Products */;
			projectDirPath = "";
			projectRoot = "";
			targets = (
				11BD2EB61AAE0BC500E415C8 /* Mindcast */,
				11BD2ECD1AAE0BC500E415C8 /* MindcastTests */,
			);
		};
/* End PBXProject section */

/* Begin PBXResourcesBuildPhase section */
		11BD2EB51AAE0BC500E415C8 /* Resources */ = {
			isa = PBXResourcesBuildPhase;
			buildActionMask = 2147483647;
			files = (
				11530E0E1ACC3A4D00ED8638 /* ctrl_stop.png in Resources */,
				11BD2EFC1AAE0EDB00E415C8 /* MindcastMain.storyboard in Resources */,
				1169D8801AC92397002F19A4 /* default_episode_image_nobkg.png in Resources */,
				11BD2EC91AAE0BC500E415C8 /* LaunchScreen.xib in Resources */,
				1147184D1AC317C8004740A4 /* icon_library.png in Resources */,
				11D2BCF01AC09A4000D2906E /* E000_main.mp3 in Resources */,
				11BD2EC61AAE0BC500E415C8 /* Images.xcassets in Resources */,
				1147184E1AC317C8004740A4 /* icon_play.png in Resources */,
				11D2BCEF1AC09A4000D2906E /* E000_intro.mp3 in Resources */,
				1169D8821AC92405002F19A4 /* default_episode_image.png in Resources */,
				1147184F1AC317C8004740A4 /* icon_settings.png in Resources */,
				11530E0D1ACC3A4D00ED8638 /* ctrl_play.png in Resources */,
				11530E0C1ACC3A4D00ED8638 /* ctrl_pause.png in Resources */,
				11D2BCF11AC09A4000D2906E /* E000_wakeup.mp3 in Resources */,
				114718511AC317CF004740A4 /* grey_line.png in Resources */,
				11D2BCEE1AC09A4000D2906E /* E000_background.mp3 in Resources */,
				114C8B9B1ACC335100668FF6 /* ctrl_arrow_left.png in Resources */,
			);
			runOnlyForDeploymentPostprocessing = 0;
		};
		11BD2ECC1AAE0BC500E415C8 /* Resources */ = {
			isa = PBXResourcesBuildPhase;
			buildActionMask = 2147483647;
			files = (
			);
			runOnlyForDeploymentPostprocessing = 0;
		};
/* End PBXResourcesBuildPhase section */

/* Begin PBXSourcesBuildPhase section */
		11BD2EB31AAE0BC500E415C8 /* Sources */ = {
			isa = PBXSourcesBuildPhase;
			buildActionMask = 2147483647;
			files = (
				11BD2EE41AAE0CE700E415C8 /* AssetCatalog.swift in Sources */,
				11BD2EE11AAE0CC000E415C8 /* PlayViewController.swift in Sources */,
				11BD2EBD1AAE0BC500E415C8 /* AppDelegate.swift in Sources */,
				11BD2EE51AAE0CE700E415C8 /* AssetBundle.swift in Sources */,
				11BD2EDF1AAE0CB800E415C8 /* SettingsViewController.swift in Sources */,
				11BFF7281AC2D5AB00366B6E /* DetailsViewController.swift in Sources */,
			);
			runOnlyForDeploymentPostprocessing = 0;
		};
		11BD2ECA1AAE0BC500E415C8 /* Sources */ = {
			isa = PBXSourcesBuildPhase;
			buildActionMask = 2147483647;
			files = (
				11BD2ED51AAE0BC500E415C8 /* MindcastTests.swift in Sources */,
			);
			runOnlyForDeploymentPostprocessing = 0;
		};
/* End PBXSourcesBuildPhase section */

/* Begin PBXTargetDependency section */
		11BD2ED01AAE0BC500E415C8 /* PBXTargetDependency */ = {
			isa = PBXTargetDependency;
			target = 11BD2EB61AAE0BC500E415C8 /* Mindcast */;
			targetProxy = 11BD2ECF1AAE0BC500E415C8 /* PBXContainerItemProxy */;
		};
/* End PBXTargetDependency section */

/* Begin PBXVariantGroup section */
		11BD2EC71AAE0BC500E415C8 /* LaunchScreen.xib */ = {
			isa = PBXVariantGroup;
			children = (
				11BD2EC81AAE0BC500E415C8 /* Base */,
			);
			name = LaunchScreen.xib;
			sourceTree = "<group>";
		};
		11BD2EFA1AAE0EDB00E415C8 /* MindcastMain.storyboard */ = {
			isa = PBXVariantGroup;
			children = (
				11BD2EFB1AAE0EDB00E415C8 /* Base */,
			);
			name = MindcastMain.storyboard;
			sourceTree = "<group>";
		};
/* End PBXVariantGroup section */

/* Begin XCBuildConfiguration section */
		11BD2ED61AAE0BC500E415C8 /* Debug */ = {
			isa = XCBuildConfiguration;
			buildSettings = {
				ALWAYS_SEARCH_USER_PATHS = NO;
				CLANG_CXX_LANGUAGE_STANDARD = "gnu++0x";
				CLANG_CXX_LIBRARY = "libc++";
				CLANG_ENABLE_MODULES = YES;
				CLANG_ENABLE_OBJC_ARC = YES;
				CLANG_WARN_BOOL_CONVERSION = YES;
				CLANG_WARN_CONSTANT_CONVERSION = YES;
				CLANG_WARN_DIRECT_OBJC_ISA_USAGE = YES_ERROR;
				CLANG_WARN_EMPTY_BODY = YES;
				CLANG_WARN_ENUM_CONVERSION = YES;
				CLANG_WARN_INT_CONVERSION = YES;
				CLANG_WARN_OBJC_ROOT_CLASS = YES_ERROR;
				CLANG_WARN_UNREACHABLE_CODE = YES;
				CLANG_WARN__DUPLICATE_METHOD_MATCH = YES;
				"CODE_SIGN_IDENTITY[sdk=iphoneos*]" = "iPhone Developer";
				COPY_PHASE_STRIP = NO;
				ENABLE_STRICT_OBJC_MSGSEND = YES;
				GCC_C_LANGUAGE_STANDARD = gnu99;
				GCC_DYNAMIC_NO_PIC = NO;
				GCC_OPTIMIZATION_LEVEL = 0;
				GCC_PREPROCESSOR_DEFINITIONS = (
					"DEBUG=1",
					"$(inherited)",
				);
				GCC_SYMBOLS_PRIVATE_EXTERN = NO;
				GCC_WARN_64_TO_32_BIT_CONVERSION = YES;
				GCC_WARN_ABOUT_RETURN_TYPE = YES_ERROR;
				GCC_WARN_UNDECLARED_SELECTOR = YES;
				GCC_WARN_UNINITIALIZED_AUTOS = YES_AGGRESSIVE;
				GCC_WARN_UNUSED_FUNCTION = YES;
				GCC_WARN_UNUSED_VARIABLE = YES;
				IPHONEOS_DEPLOYMENT_TARGET = 8.1;
				MTL_ENABLE_DEBUG_INFO = YES;
				ONLY_ACTIVE_ARCH = YES;
				SDKROOT = iphoneos;
				SWIFT_OPTIMIZATION_LEVEL = "-Onone";
			};
			name = Debug;
		};
		11BD2ED71AAE0BC500E415C8 /* Release */ = {
			isa = XCBuildConfiguration;
			buildSettings = {
				ALWAYS_SEARCH_USER_PATHS = NO;
				CLANG_CXX_LANGUAGE_STANDARD = "gnu++0x";
				CLANG_CXX_LIBRARY = "libc++";
				CLANG_ENABLE_MODULES = YES;
				CLANG_ENABLE_OBJC_ARC = YES;
				CLANG_WARN_BOOL_CONVERSION = YES;
				CLANG_WARN_CONSTANT_CONVERSION = YES;
				CLANG_WARN_DIRECT_OBJC_ISA_USAGE = YES_ERROR;
				CLANG_WARN_EMPTY_BODY = YES;
				CLANG_WARN_ENUM_CONVERSION = YES;
				CLANG_WARN_INT_CONVERSION = YES;
				CLANG_WARN_OBJC_ROOT_CLASS = YES_ERROR;
				CLANG_WARN_UNREACHABLE_CODE = YES;
				CLANG_WARN__DUPLICATE_METHOD_MATCH = YES;
				"CODE_SIGN_IDENTITY[sdk=iphoneos*]" = "iPhone Developer";
				COPY_PHASE_STRIP = YES;
				ENABLE_NS_ASSERTIONS = NO;
				ENABLE_STRICT_OBJC_MSGSEND = YES;
				GCC_C_LANGUAGE_STANDARD = gnu99;
				GCC_WARN_64_TO_32_BIT_CONVERSION = YES;
				GCC_WARN_ABOUT_RETURN_TYPE = YES_ERROR;
				GCC_WARN_UNDECLARED_SELECTOR = YES;
				GCC_WARN_UNINITIALIZED_AUTOS = YES_AGGRESSIVE;
				GCC_WARN_UNUSED_FUNCTION = YES;
				GCC_WARN_UNUSED_VARIABLE = YES;
				IPHONEOS_DEPLOYMENT_TARGET = 8.1;
				MTL_ENABLE_DEBUG_INFO = NO;
				SDKROOT = iphoneos;
				VALIDATE_PRODUCT = YES;
			};
			name = Release;
		};
		11BD2ED91AAE0BC500E415C8 /* Debug */ = {
			isa = XCBuildConfiguration;
			buildSettings = {
				ASSETCATALOG_COMPILER_APPICON_NAME = AppIcon;
				CODE_SIGN_IDENTITY = "iPhone Developer";
				INFOPLIST_FILE = Mindcast/Info.plist;
				IPHONEOS_DEPLOYMENT_TARGET = 7.1;
				LD_RUNPATH_SEARCH_PATHS = "$(inherited) @executable_path/Frameworks";
				PRODUCT_NAME = "$(TARGET_NAME)";
			};
			name = Debug;
		};
		11BD2EDA1AAE0BC500E415C8 /* Release */ = {
			isa = XCBuildConfiguration;
			buildSettings = {
				ASSETCATALOG_COMPILER_APPICON_NAME = AppIcon;
				CODE_SIGN_IDENTITY = "iPhone Developer";
				INFOPLIST_FILE = Mindcast/Info.plist;
				IPHONEOS_DEPLOYMENT_TARGET = 7.1;
				LD_RUNPATH_SEARCH_PATHS = "$(inherited) @executable_path/Frameworks";
				PRODUCT_NAME = "$(TARGET_NAME)";
			};
			name = Release;
		};
		11BD2EDC1AAE0BC500E415C8 /* Debug */ = {
			isa = XCBuildConfiguration;
			buildSettings = {
				BUNDLE_LOADER = "$(TEST_HOST)";
				FRAMEWORK_SEARCH_PATHS = (
					"$(SDKROOT)/Developer/Library/Frameworks",
					"$(inherited)",
				);
				GCC_PREPROCESSOR_DEFINITIONS = (
					"DEBUG=1",
					"$(inherited)",
				);
				INFOPLIST_FILE = MindcastTests/Info.plist;
				LD_RUNPATH_SEARCH_PATHS = "$(inherited) @executable_path/Frameworks @loader_path/Frameworks";
				PRODUCT_NAME = "$(TARGET_NAME)";
				TEST_HOST = "$(BUILT_PRODUCTS_DIR)/Mindcast.app/Mindcast";
			};
			name = Debug;
		};
		11BD2EDD1AAE0BC500E415C8 /* Release */ = {
			isa = XCBuildConfiguration;
			buildSettings = {
				BUNDLE_LOADER = "$(TEST_HOST)";
				FRAMEWORK_SEARCH_PATHS = (
					"$(SDKROOT)/Developer/Library/Frameworks",
					"$(inherited)",
				);
				INFOPLIST_FILE = MindcastTests/Info.plist;
				LD_RUNPATH_SEARCH_PATHS = "$(inherited) @executable_path/Frameworks @loader_path/Frameworks";
				PRODUCT_NAME = "$(TARGET_NAME)";
				TEST_HOST = "$(BUILT_PRODUCTS_DIR)/Mindcast.app/Mindcast";
			};
			name = Release;
		};
/* End XCBuildConfiguration section */

/* Begin XCConfigurationList section */
		11BD2EB21AAE0BC500E415C8 /* Build configuration list for PBXProject "Mindcast" */ = {
			isa = XCConfigurationList;
			buildConfigurations = (
				11BD2ED61AAE0BC500E415C8 /* Debug */,
				11BD2ED71AAE0BC500E415C8 /* Release */,
			);
			defaultConfigurationIsVisible = 0;
			defaultConfigurationName = Release;
		};
		11BD2ED81AAE0BC500E415C8 /* Build configuration list for PBXNativeTarget "Mindcast" */ = {
			isa = XCConfigurationList;
			buildConfigurations = (
				11BD2ED91AAE0BC500E415C8 /* Debug */,
				11BD2EDA1AAE0BC500E415C8 /* Release */,
			);
			defaultConfigurationIsVisible = 0;
			defaultConfigurationName = Release;
		};
		11BD2EDB1AAE0BC500E415C8 /* Build configuration list for PBXNativeTarget "MindcastTests" */ = {
			isa = XCConfigurationList;
			buildConfigurations = (
				11BD2EDC1AAE0BC500E415C8 /* Debug */,
				11BD2EDD1AAE0BC500E415C8 /* Release */,
			);
			defaultConfigurationIsVisible = 0;
			defaultConfigurationName = Release;
		};
/* End XCConfigurationList section */
	};
	rootObject = 11BD2EAF1AAE0BC500E415C8 /* Project object */;
}
